<?xml version="1.0" encoding="UTF-8" standalone="yes" ?>
<CodeBlocks_project_file>
	<FileVersion major="1" minor="6" />
	<Project>
		<Option title="overwatch-cpp" />
		<Option pch_mode="2" />
		<Option compiler="gcc" />
		<Build>
			<Target title="Debug">
				<Option output="bin\Debug\overwatch-cpp" prefix_auto="1" extension_auto="1" />
				<Option object_output="obj\Debug\" />
				<Option type="1" />
				<Option compiler="gcc" />
				<Compiler>
					<Add option="-g" />
				</Compiler>
			</Target>
			<Target title="Release">
				<Option output="bin\Release\overwatch-cpp" prefix_auto="1" extension_auto="1" />
				<Option object_output="obj\Release\" />
				<Option type="1" />
				<Option compiler="gcc" />
				<Compiler>
					<Add option="-O2" />
				</Compiler>
				<Linker>
					<Add option="-s" />
				</Linker>
			</Target>
		</Build>
		<Compiler>
			<Add option="-Wall" />
			<Add directory="E:\User Files\Git\overwatch-cpp\include" />
			<Add directory="3rdparty" />
		</Compiler>
		<Unit filename="Makefile" />
		<Unit filename="include\AuthenticationClient.h" />
		<Unit filename="include\CameraContainer.h" />
		<Unit filename="include\Exception.h" />
		<Unit filename="include\LeptonCamera.h" />
		<Unit filename="include\LeptonCameraContainer.h" />
		<Unit filename="include\PiCameraContainer.h" />
		<Unit filename="include\SocketClient.h" />
		<Unit filename="include\VideoFeedClient.h" />
		<Unit filename="include\util.h" />
		<Unit filename="overwatch.pro" />
		<Unit filename="src\AuthenticationClient.cpp" />
		<Unit filename="src\CameraContainer.cpp" />
		<Unit filename="src\LeptonCamera.cpp" />
		<Unit filename="src\LeptonCameraContainer.cpp" />
		<Unit filename="src\PiCameraContainer.cpp" />
		<Unit filename="src\SocketClient.cpp" />
		<Unit filename="src\VideoFeedClient.cpp" />
		<Unit filename="src\main.cpp" />
		<Unit filename="src\util.cpp" />
		<Extensions>
			<code_completion />
			<envvars />
			<debugger />
			<lib_finder disable_auto="1" />
		</Extensions>
	</Project>
</CodeBlocks_project_file>
